
Microsoft Visual Studio Solution File, Format Version 12.00
# Visual Studio Version 17
VisualStudioVersion = 17.3.32825.248
MinimumVisualStudioVersion = 10.0.40219.1
Project("{FAE04EC0-301F-11D3-BF4B-00C04F79EFBC}") = "WinFormsComponentsProject", "WinFormsComponentsProject\WinFormsComponentsProject.csproj", "{29B864BF-87E2-4551-8FE2-FBF7D4576085}"
EndProject
Global
	GlobalSection(SolutionConfigurationPlatforms) = preSolution
		Debug|Any CPU = Debug|Any CPU
		Release|Any CPU = Release|Any CPU
	EndGlobalSection
	GlobalSection(ProjectConfigurationPlatforms) = postSolution
		{29B864BF-87E2-4551-8FE2-FBF7D4576085}.Debug|Any CPU.ActiveCfg = Debug|Any CPU
		{29B864BF-87E2-4551-8FE2-FBF7D4576085}.Debug|Any CPU.Build.0 = Debug|Any CPU
		{29B864BF-87E2-4551-8FE2-FBF7D4576085}.Release|Any CPU.ActiveCfg = Release|Any CPU
		{29B864BF-87E2-4551-8FE2-FBF7D4576085}.Release|Any CPU.Build.0 = Release|Any CPU
	EndGlobalSection
	GlobalSection(SolutionProperties) = preSolution
		HideSolutionNode = FALSE
	EndGlobalSection
	GlobalSection(ExtensibilityGlobals) = postSolution
		SolutionGuid = {BB51A3CF-4EDD-4B34-90C9-68E7D4DAA649}
	EndGlobalSection
EndGlobal
